# Generated by buf. DO NOT EDIT.
version: v2
deps:
  - name: buf.build/antinvestor/common
    commit: 9771112f228946eea43df204a6ccad93
    digest: b5:6f1342395f84cb0447472b91c6934f6a5c0e215f32522a431772d13bb8caecc737bff2931321ac2a3eaca33745cea13d3f00b0647c088d98f9ad377e7172ee55
  - name: buf.build/bufbuild/protovalidate
    commit: 80ab13bee0bf4272b6161a72bf7034e0
    digest: b5:1aa6a965be5d02d64e1d81954fa2e78ef9d1e33a0c30f92bc2626039006a94deb3a5b05f14ed8893f5c3ffce444ac008f7e968188ad225c4c29c813aa5f2daa1
  - name: buf.build/gnostic/gnostic
    commit: 087bc8072ce44e339f213209e4d57bf0
    digest: b5:c4eebcd04bc2fdd5dd0b8d695eb419682a650b600cdb56ff2ed61208a24603e0eb1b8ae0d467925c69a24bde6d322f3c4112bd2b8efdd682d8c3128384cdac9a
